{
  "version": 4,
  "terraform_version": "1.5.0",
  "serial": 21,
  "lineage": "30490a7a-9ae0-523c-9071-f1c5bc3b796e",
  "outputs": {
    "cloudwatch_dashboard_name": {
      "value": "awstoazure-agentic-ai-dashboard",
      "type": "string"
    },
    "eventbridge_bus_name": {
      "value": "awstoazure-agentic-ai-events",
      "type": "string"
    },
    "invoke_command": {
      "value": "aws lambda invoke --function-name awstoazure-agentic-ai-agent --payload '{\"prompt\": \"Your command here\"}' response.json",
      "type": "string"
    },
    "lambda_function_arn": {
      "value": "arn:aws:lambda:us-east-1:891377120087:function:awstoazure-agentic-ai-agent",
      "type": "string"
    },
    "lambda_function_name": {
      "value": "awstoazure-agentic-ai-agent",
      "type": "string"
    },
    "monitoring_dashboard_url": {
      "value": "https://us-east-1.console.aws.amazon.com/cloudwatch/home?region=us-east-1#dashboards:name=awstoazure-agentic-ai-dashboard",
      "type": "string"
    },
    "sqs_queue_url": {
      "value": "https://sqs.us-east-1.amazonaws.com/891377120087/awstoazure-agentic-ai-commands",
      "type": "string"
    },
    "step_function_arn": {
      "value": "arn:aws:states:us-east-1:891377120087:stateMachine:awstoazure-agentic-ai-workflow",
      "type": "string"
    },
    "step_function_name": {
      "value": "awstoazure-agentic-ai-workflow",
      "type": "string"
    },
    "step_function_start_command": {
      "value": "aws stepfunctions start-execution --state-machine-arn arn:aws:states:us-east-1:891377120087:stateMachine:awstoazure-agentic-ai-workflow --input '{\"prompt\": \"Your command here\"}'",
      "type": "string"
    }
  },
  "resources": [
    {
      "mode": "managed",
      "type": "aws_cloudwatch_dashboard",
      "name": "agentic_ai_dashboard",
      "provider": "provider[\"registry.terraform.io/hashicorp/aws\"]",
      "instances": [
        {
          "schema_version": 0,
          "attributes": {
            "dashboard_arn": "arn:aws:cloudwatch::891377120087:dashboard/awstoazure-agentic-ai-dashboard",
            "dashboard_body": "{\"widgets\":[{\"height\":6,\"properties\":{\"metrics\":[[\"AWS/Lambda\",\"Invocations\",\"FunctionName\",\"awstoazure-agentic-ai-agent\"],[\".\",\"Errors\",\".\",\".\"],[\".\",\"Duration\",\".\",\".\"]],\"period\":300,\"region\":\"us-east-1\",\"stat\":\"Sum\",\"title\":\"AI Agent Performance\"},\"type\":\"metric\",\"width\":12,\"x\":0,\"y\":0},{\"height\":6,\"properties\":{\"metrics\":[[\"AWS/States\",\"ExecutionsSucceeded\",\"StateMachineArn\",\"arn:aws:states:us-east-1:891377120087:stateMachine:awstoazure-agentic-ai-workflow\"],[\".\",\"ExecutionsFailed\",\".\",\".\"],[\".\",\"ExecutionTime\",\".\",\".\"]],\"period\":300,\"region\":\"us-east-1\",\"stat\":\"Sum\",\"title\":\"Workflow Execution Status\"},\"type\":\"metric\",\"width\":12,\"x\":12,\"y\":0}]}",
            "dashboard_name": "awstoazure-agentic-ai-dashboard",
            "id": "awstoazure-agentic-ai-dashboard"
          },
          "sensitive_attributes": [],
          "private": "bnVsbA==",
          "dependencies": [
            "aws_cloudwatch_event_bus.agentic_ai_events",
            "aws_cloudwatch_log_group.agentic_ai_logs",
            "aws_iam_role.lambda_execution_role",
            "aws_iam_role.step_functions_role",
            "aws_iam_role_policy_attachment.lambda_logs",
            "aws_lambda_function.agentic_ai_agent",
            "aws_sfn_state_machine.agentic_ai_workflow",
            "aws_sqs_queue.command_queue"
          ]
        }
      ]
    },
    {
      "mode": "managed",
      "type": "aws_cloudwatch_event_bus",
      "name": "agentic_ai_events",
      "provider": "provider[\"registry.terraform.io/hashicorp/aws\"]",
      "instances": [
        {
          "schema_version": 0,
          "attributes": {
            "arn": "arn:aws:events:us-east-1:891377120087:event-bus/awstoazure-agentic-ai-events",
            "dead_letter_config": [],
            "description": "",
            "event_source_name": null,
            "id": "awstoazure-agentic-ai-events",
            "kms_key_identifier": "",
            "name": "awstoazure-agentic-ai-events",
            "tags": null,
            "tags_all": {
              "Environment": "dev",
              "ManagedBy": "Terraform",
              "Project": "Agentic-AI",
              "Purpose": "Autonomous AWS Operations"
            }
          },
          "sensitive_attributes": [],
          "private": "bnVsbA=="
        }
      ]
    },
    {
      "mode": "managed",
      "type": "aws_cloudwatch_event_rule",
      "name": "deployment_operations",
      "provider": "provider[\"registry.terraform.io/hashicorp/aws\"]",
      "instances": [
        {
          "schema_version": 1,
          "attributes": {
            "arn": "arn:aws:events:us-east-1:891377120087:rule/awstoazure-agentic-ai-events/awstoazure-deployment-operations",
            "description": "Trigger AI agent for deployment operations",
            "event_bus_name": "awstoazure-agentic-ai-events",
            "event_pattern": "{\"detail-type\":[\"deployment-operation\"],\"source\":[\"agentic-ai\"]}",
            "force_destroy": false,
            "id": "awstoazure-agentic-ai-events/awstoazure-deployment-operations",
            "is_enabled": true,
            "name": "awstoazure-deployment-operations",
            "name_prefix": "",
            "role_arn": "",
            "schedule_expression": "",
            "state": "ENABLED",
            "tags": null,
            "tags_all": {
              "Environment": "dev",
              "ManagedBy": "Terraform",
              "Project": "Agentic-AI",
              "Purpose": "Autonomous AWS Operations"
            }
          },
          "sensitive_attributes": [],
          "private": "eyJzY2hlbWFfdmVyc2lvbiI6IjEifQ==",
          "dependencies": [
            "aws_cloudwatch_event_bus.agentic_ai_events"
          ]
        }
      ]
    },
    {
      "mode": "managed",
      "type": "aws_cloudwatch_event_rule",
      "name": "eks_operations",
      "provider": "provider[\"registry.terraform.io/hashicorp/aws\"]",
      "instances": [
        {
          "schema_version": 1,
          "attributes": {
            "arn": "arn:aws:events:us-east-1:891377120087:rule/awstoazure-agentic-ai-events/awstoazure-eks-operations",
            "description": "Trigger AI agent for EKS operations",
            "event_bus_name": "awstoazure-agentic-ai-events",
            "event_pattern": "{\"detail-type\":[\"eks-operation\"],\"source\":[\"agentic-ai\"]}",
            "force_destroy": false,
            "id": "awstoazure-agentic-ai-events/awstoazure-eks-operations",
            "is_enabled": true,
            "name": "awstoazure-eks-operations",
            "name_prefix": "",
            "role_arn": "",
            "schedule_expression": "",
            "state": "ENABLED",
            "tags": null,
            "tags_all": {
              "Environment": "dev",
              "ManagedBy": "Terraform",
              "Project": "Agentic-AI",
              "Purpose": "Autonomous AWS Operations"
            }
          },
          "sensitive_attributes": [],
          "private": "eyJzY2hlbWFfdmVyc2lvbiI6IjEifQ==",
          "dependencies": [
            "aws_cloudwatch_event_bus.agentic_ai_events"
          ]
        }
      ]
    },
    {
      "mode": "managed",
      "type": "aws_cloudwatch_event_rule",
      "name": "monitoring_operations",
      "provider": "provider[\"registry.terraform.io/hashicorp/aws\"]",
      "instances": [
        {
          "schema_version": 1,
          "attributes": {
            "arn": "arn:aws:events:us-east-1:891377120087:rule/awstoazure-agentic-ai-events/awstoazure-monitoring-operations",
            "description": "Trigger AI agent for monitoring operations",
            "event_bus_name": "awstoazure-agentic-ai-events",
            "event_pattern": "{\"detail-type\":[\"monitoring-operation\"],\"source\":[\"agentic-ai\"]}",
            "force_destroy": false,
            "id": "awstoazure-agentic-ai-events/awstoazure-monitoring-operations",
            "is_enabled": true,
            "name": "awstoazure-monitoring-operations",
            "name_prefix": "",
            "role_arn": "",
            "schedule_expression": "",
            "state": "ENABLED",
            "tags": null,
            "tags_all": {
              "Environment": "dev",
              "ManagedBy": "Terraform",
              "Project": "Agentic-AI",
              "Purpose": "Autonomous AWS Operations"
            }
          },
          "sensitive_attributes": [],
          "private": "eyJzY2hlbWFfdmVyc2lvbiI6IjEifQ==",
          "dependencies": [
            "aws_cloudwatch_event_bus.agentic_ai_events"
          ]
        }
      ]
    },
    {
      "mode": "managed",
      "type": "aws_cloudwatch_event_target",
      "name": "deployment_operations_target",
      "provider": "provider[\"registry.terraform.io/hashicorp/aws\"]",
      "instances": [
        {
          "schema_version": 1,
          "attributes": {
            "appsync_target": [],
            "arn": "arn:aws:lambda:us-east-1:891377120087:function:awstoazure-agentic-ai-agent",
            "batch_target": [],
            "dead_letter_config": [],
            "ecs_target": [],
            "event_bus_name": "awstoazure-agentic-ai-events",
            "force_destroy": false,
            "http_target": [],
            "id": "awstoazure-agentic-ai-events-awstoazure-deployment-operations-DeploymentOperationsTarget",
            "input": "",
            "input_path": "",
            "input_transformer": [],
            "kinesis_target": [],
            "redshift_target": [],
            "retry_policy": [],
            "role_arn": "",
            "rule": "awstoazure-deployment-operations",
            "run_command_targets": [],
            "sagemaker_pipeline_target": [],
            "sqs_target": [],
            "target_id": "DeploymentOperationsTarget"
          },
          "sensitive_attributes": [],
          "private": "eyJzY2hlbWFfdmVyc2lvbiI6IjEifQ==",
          "dependencies": [
            "aws_cloudwatch_event_bus.agentic_ai_events",
            "aws_cloudwatch_event_rule.deployment_operations",
            "aws_cloudwatch_log_group.agentic_ai_logs",
            "aws_iam_role.lambda_execution_role",
            "aws_iam_role_policy_attachment.lambda_logs",
            "aws_lambda_function.agentic_ai_agent",
            "aws_sqs_queue.command_queue"
          ]
        }
      ]
    },
    {
      "mode": "managed",
      "type": "aws_cloudwatch_event_target",
      "name": "eks_operations_target",
      "provider": "provider[\"registry.terraform.io/hashicorp/aws\"]",
      "instances": [
        {
          "schema_version": 1,
          "attributes": {
            "appsync_target": [],
            "arn": "arn:aws:lambda:us-east-1:891377120087:function:awstoazure-agentic-ai-agent",
            "batch_target": [],
            "dead_letter_config": [],
            "ecs_target": [],
            "event_bus_name": "awstoazure-agentic-ai-events",
            "force_destroy": false,
            "http_target": [],
            "id": "awstoazure-agentic-ai-events-awstoazure-eks-operations-EKSOperationsTarget",
            "input": "",
            "input_path": "",
            "input_transformer": [],
            "kinesis_target": [],
            "redshift_target": [],
            "retry_policy": [],
            "role_arn": "",
            "rule": "awstoazure-eks-operations",
            "run_command_targets": [],
            "sagemaker_pipeline_target": [],
            "sqs_target": [],
            "target_id": "EKSOperationsTarget"
          },
          "sensitive_attributes": [],
          "private": "eyJzY2hlbWFfdmVyc2lvbiI6IjEifQ==",
          "dependencies": [
            "aws_cloudwatch_event_bus.agentic_ai_events",
            "aws_cloudwatch_event_rule.eks_operations",
            "aws_cloudwatch_log_group.agentic_ai_logs",
            "aws_iam_role.lambda_execution_role",
            "aws_iam_role_policy_attachment.lambda_logs",
            "aws_lambda_function.agentic_ai_agent",
            "aws_sqs_queue.command_queue"
          ]
        }
      ]
    },
    {
      "mode": "managed",
      "type": "aws_cloudwatch_event_target",
      "name": "monitoring_operations_target",
      "provider": "provider[\"registry.terraform.io/hashicorp/aws\"]",
      "instances": [
        {
          "schema_version": 1,
          "attributes": {
            "appsync_target": [],
            "arn": "arn:aws:lambda:us-east-1:891377120087:function:awstoazure-agentic-ai-agent",
            "batch_target": [],
            "dead_letter_config": [],
            "ecs_target": [],
            "event_bus_name": "awstoazure-agentic-ai-events",
            "force_destroy": false,
            "http_target": [],
            "id": "awstoazure-agentic-ai-events-awstoazure-monitoring-operations-MonitoringOperationsTarget",
            "input": "",
            "input_path": "",
            "input_transformer": [],
            "kinesis_target": [],
            "redshift_target": [],
            "retry_policy": [],
            "role_arn": "",
            "rule": "awstoazure-monitoring-operations",
            "run_command_targets": [],
            "sagemaker_pipeline_target": [],
            "sqs_target": [],
            "target_id": "MonitoringOperationsTarget"
          },
          "sensitive_attributes": [],
          "private": "eyJzY2hlbWFfdmVyc2lvbiI6IjEifQ==",
          "dependencies": [
            "aws_cloudwatch_event_bus.agentic_ai_events",
            "aws_cloudwatch_event_rule.monitoring_operations",
            "aws_cloudwatch_log_group.agentic_ai_logs",
            "aws_iam_role.lambda_execution_role",
            "aws_iam_role_policy_attachment.lambda_logs",
            "aws_lambda_function.agentic_ai_agent",
            "aws_sqs_queue.command_queue"
          ]
        }
      ]
    },
    {
      "mode": "managed",
      "type": "aws_cloudwatch_log_group",
      "name": "agentic_ai_logs",
      "provider": "provider[\"registry.terraform.io/hashicorp/aws\"]",
      "instances": [
        {
          "schema_version": 0,
          "attributes": {
            "arn": "arn:aws:logs:us-east-1:891377120087:log-group:/aws/lambda/awstoazure-agentic-ai-agent",
            "id": "/aws/lambda/awstoazure-agentic-ai-agent",
            "kms_key_id": "",
            "log_group_class": "STANDARD",
            "name": "/aws/lambda/awstoazure-agentic-ai-agent",
            "name_prefix": "",
            "retention_in_days": 30,
            "skip_destroy": false,
            "tags": null,
            "tags_all": {
              "Environment": "dev",
              "ManagedBy": "Terraform",
              "Project": "Agentic-AI",
              "Purpose": "Autonomous AWS Operations"
            }
          },
          "sensitive_attributes": [],
          "private": "bnVsbA=="
        }
      ]
    },
    {
      "mode": "managed",
      "type": "aws_iam_policy",
      "name": "agentic_ai_operations",
      "provider": "provider[\"registry.terraform.io/hashicorp/aws\"]",
      "instances": [
        {
          "schema_version": 0,
          "attributes": {
            "arn": "arn:aws:iam::891377120087:policy/awstoazure-agentic-ai-operations",
            "attachment_count": 0,
            "description": "Policy for Agentic AI to perform AWS operations",
            "id": "arn:aws:iam::891377120087:policy/awstoazure-agentic-ai-operations",
            "name": "awstoazure-agentic-ai-operations",
            "name_prefix": "",
            "path": "/",
            "policy": "{\"Statement\":[{\"Action\":[\"eks:*\",\"ec2:*\",\"ecs:*\",\"ecr:*\",\"lambda:*\",\"s3:*\",\"iam:*\",\"cloudwatch:*\",\"logs:*\",\"events:*\",\"sqs:*\",\"states:*\",\"autoscaling:*\",\"elasticloadbalancing:*\",\"rds:*\",\"dynamodb:*\",\"sns:*\",\"secretsmanager:*\",\"ssm:*\",\"cloudformation:*\"],\"Effect\":\"Allow\",\"Resource\":\"*\"}],\"Version\":\"2012-10-17\"}",
            "policy_id": "ANPA47CRXONLWCZNV6VNF",
            "tags": null,
            "tags_all": {
              "Environment": "dev",
              "ManagedBy": "Terraform",
              "Project": "Agentic-AI",
              "Purpose": "Autonomous AWS Operations"
            }
          },
          "sensitive_attributes": [],
          "private": "bnVsbA=="
        }
      ]
    },
    {
      "mode": "managed",
      "type": "aws_iam_policy",
      "name": "step_functions_execution",
      "provider": "provider[\"registry.terraform.io/hashicorp/aws\"]",
      "instances": [
        {
          "schema_version": 0,
          "attributes": {
            "arn": "arn:aws:iam::891377120087:policy/awstoazure-stepfunctions-execution",
            "attachment_count": 0,
            "description": "Policy for Step Functions basic execution",
            "id": "arn:aws:iam::891377120087:policy/awstoazure-stepfunctions-execution",
            "name": "awstoazure-stepfunctions-execution",
            "name_prefix": "",
            "path": "/",
            "policy": "{\"Statement\":[{\"Action\":[\"logs:CreateLogDelivery\",\"logs:GetLogDelivery\",\"logs:UpdateLogDelivery\",\"logs:DeleteLogDelivery\",\"logs:ListLogDeliveries\",\"logs:PutLogEvents\",\"logs:PutResourcePolicy\",\"logs:DescribeResourcePolicies\",\"logs:DescribeLogGroups\"],\"Effect\":\"Allow\",\"Resource\":\"*\"}],\"Version\":\"2012-10-17\"}",
            "policy_id": "ANPA47CRXONLSJGU4RAPV",
            "tags": null,
            "tags_all": {
              "Environment": "dev",
              "ManagedBy": "Terraform",
              "Project": "Agentic-AI",
              "Purpose": "Autonomous AWS Operations"
            }
          },
          "sensitive_attributes": [],
          "private": "bnVsbA=="
        }
      ]
    },
    {
      "mode": "managed",
      "type": "aws_iam_role",
      "name": "lambda_execution_role",
      "provider": "provider[\"registry.terraform.io/hashicorp/aws\"]",
      "instances": [
        {
          "schema_version": 0,
          "attributes": {
            "arn": "arn:aws:iam::891377120087:role/awstoazure-agentic-ai-lambda-role",
            "assume_role_policy": "{\"Statement\":[{\"Action\":\"sts:AssumeRole\",\"Effect\":\"Allow\",\"Principal\":{\"Service\":\"lambda.amazonaws.com\"}}],\"Version\":\"2012-10-17\"}",
            "create_date": "2025-08-10T03:15:08Z",
            "description": "",
            "force_detach_policies": false,
            "id": "awstoazure-agentic-ai-lambda-role",
            "inline_policy": [],
            "managed_policy_arns": [],
            "max_session_duration": 3600,
            "name": "awstoazure-agentic-ai-lambda-role",
            "name_prefix": "",
            "path": "/",
            "permissions_boundary": "",
            "tags": null,
            "tags_all": {
              "Environment": "dev",
              "ManagedBy": "Terraform",
              "Project": "Agentic-AI",
              "Purpose": "Autonomous AWS Operations"
            },
            "unique_id": "AROA47CRXONLQRCHZ2DRM"
          },
          "sensitive_attributes": [],
          "private": "bnVsbA=="
        }
      ]
    },
    {
      "mode": "managed",
      "type": "aws_iam_role",
      "name": "step_functions_role",
      "provider": "provider[\"registry.terraform.io/hashicorp/aws\"]",
      "instances": [
        {
          "schema_version": 0,
          "attributes": {
            "arn": "arn:aws:iam::891377120087:role/awstoazure-agentic-ai-stepfunctions-role",
            "assume_role_policy": "{\"Statement\":[{\"Action\":\"sts:AssumeRole\",\"Effect\":\"Allow\",\"Principal\":{\"Service\":\"states.amazonaws.com\"}}],\"Version\":\"2012-10-17\"}",
            "create_date": "2025-08-10T03:15:08Z",
            "description": "",
            "force_detach_policies": false,
            "id": "awstoazure-agentic-ai-stepfunctions-role",
            "inline_policy": [],
            "managed_policy_arns": [],
            "max_session_duration": 3600,
            "name": "awstoazure-agentic-ai-stepfunctions-role",
            "name_prefix": "",
            "path": "/",
            "permissions_boundary": "",
            "tags": null,
            "tags_all": {
              "Environment": "dev",
              "ManagedBy": "Terraform",
              "Project": "Agentic-AI",
              "Purpose": "Autonomous AWS Operations"
            },
            "unique_id": "AROA47CRXONL4AVNCCONY"
          },
          "sensitive_attributes": [],
          "private": "bnVsbA=="
        }
      ]
    },
    {
      "mode": "managed",
      "type": "aws_iam_role_policy_attachment",
      "name": "lambda_logs",
      "provider": "provider[\"registry.terraform.io/hashicorp/aws\"]",
      "instances": [
        {
          "schema_version": 0,
          "attributes": {
            "id": "awstoazure-agentic-ai-lambda-role-20250810031510302100000003",
            "policy_arn": "arn:aws:iam::aws:policy/service-role/AWSLambdaBasicExecutionRole",
            "role": "awstoazure-agentic-ai-lambda-role"
          },
          "sensitive_attributes": [],
          "private": "bnVsbA==",
          "dependencies": [
            "aws_iam_role.lambda_execution_role"
          ]
        }
      ]
    },
    {
      "mode": "managed",
      "type": "aws_iam_role_policy_attachment",
      "name": "lambda_operations",
      "provider": "provider[\"registry.terraform.io/hashicorp/aws\"]",
      "instances": [
        {
          "schema_version": 0,
          "attributes": {
            "id": "awstoazure-agentic-ai-lambda-role-20250810031510245900000002",
            "policy_arn": "arn:aws:iam::891377120087:policy/awstoazure-agentic-ai-operations",
            "role": "awstoazure-agentic-ai-lambda-role"
          },
          "sensitive_attributes": [],
          "private": "bnVsbA==",
          "dependencies": [
            "aws_iam_policy.agentic_ai_operations",
            "aws_iam_role.lambda_execution_role"
          ]
        }
      ]
    },
    {
      "mode": "managed",
      "type": "aws_iam_role_policy_attachment",
      "name": "step_functions_execution",
      "provider": "provider[\"registry.terraform.io/hashicorp/aws\"]",
      "instances": [
        {
          "schema_version": 0,
          "attributes": {
            "id": "awstoazure-agentic-ai-stepfunctions-role-20250810031510229700000001",
            "policy_arn": "arn:aws:iam::891377120087:policy/awstoazure-stepfunctions-execution",
            "role": "awstoazure-agentic-ai-stepfunctions-role"
          },
          "sensitive_attributes": [],
          "private": "bnVsbA==",
          "dependencies": [
            "aws_iam_policy.step_functions_execution",
            "aws_iam_role.step_functions_role"
          ]
        }
      ]
    },
    {
      "mode": "managed",
      "type": "aws_lambda_function",
      "name": "agentic_ai_agent",
      "provider": "provider[\"registry.terraform.io/hashicorp/aws\"]",
      "instances": [
        {
          "schema_version": 0,
          "attributes": {
            "architectures": [
              "x86_64"
            ],
            "arn": "arn:aws:lambda:us-east-1:891377120087:function:awstoazure-agentic-ai-agent",
            "code_sha256": "AwT4M4aEyFsBszhrlPmPovxgDCi4s+7flLTOG+fTgnE=",
            "code_signing_config_arn": "",
            "dead_letter_config": [],
            "description": "",
            "environment": [
              {
                "variables": {
                  "ENVIRONMENT": "dev",
                  "EVENTBRIDGE_BUS": "awstoazure-agentic-ai-events",
                  "LOG_GROUP_NAME": "/aws/lambda/awstoazure-agentic-ai-agent",
                  "PROJECT_NAME": "awstoazure",
                  "SQS_QUEUE_URL": "https://sqs.us-east-1.amazonaws.com/891377120087/awstoazure-agentic-ai-commands"
                }
              }
            ],
            "ephemeral_storage": [
              {
                "size": 512
              }
            ],
            "file_system_config": [],
            "filename": "../agent/dist/agent.zip",
            "function_name": "awstoazure-agentic-ai-agent",
            "handler": "index.handler",
            "id": "awstoazure-agentic-ai-agent",
            "image_config": [],
            "image_uri": "",
            "invoke_arn": "arn:aws:apigateway:us-east-1:lambda:path/2015-03-31/functions/arn:aws:lambda:us-east-1:891377120087:function:awstoazure-agentic-ai-agent/invocations",
            "kms_key_arn": "",
            "last_modified": "2025-08-10T03:16:04.130+0000",
            "layers": null,
            "logging_config": [
              {
                "application_log_level": "",
                "log_format": "Text",
                "log_group": "/aws/lambda/awstoazure-agentic-ai-agent",
                "system_log_level": ""
              }
            ],
            "memory_size": 512,
            "package_type": "Zip",
            "publish": false,
            "qualified_arn": "arn:aws:lambda:us-east-1:891377120087:function:awstoazure-agentic-ai-agent:$LATEST",
            "qualified_invoke_arn": "arn:aws:apigateway:us-east-1:lambda:path/2015-03-31/functions/arn:aws:lambda:us-east-1:891377120087:function:awstoazure-agentic-ai-agent:$LATEST/invocations",
            "replace_security_groups_on_destroy": null,
            "replacement_security_group_ids": null,
            "reserved_concurrent_executions": -1,
            "role": "arn:aws:iam::891377120087:role/awstoazure-agentic-ai-lambda-role",
            "runtime": "nodejs18.x",
            "s3_bucket": null,
            "s3_key": null,
            "s3_object_version": null,
            "signing_job_arn": "",
            "signing_profile_version_arn": "",
            "skip_destroy": false,
            "snap_start": [],
            "source_code_hash": "",
            "source_code_size": 14439339,
            "tags": null,
            "tags_all": {
              "Environment": "dev",
              "ManagedBy": "Terraform",
              "Project": "Agentic-AI",
              "Purpose": "Autonomous AWS Operations"
            },
            "timeout": 300,
            "timeouts": null,
            "tracing_config": [
              {
                "mode": "PassThrough"
              }
            ],
            "version": "$LATEST",
            "vpc_config": []
          },
          "sensitive_attributes": [],
          "private": "eyJlMmJmYjczMC1lY2FhLTExZTYtOGY4OC0zNDM2M2JjN2M0YzAiOnsiY3JlYXRlIjo2MDAwMDAwMDAwMDAsImRlbGV0ZSI6NjAwMDAwMDAwMDAwLCJ1cGRhdGUiOjYwMDAwMDAwMDAwMH19",
          "dependencies": [
            "aws_cloudwatch_event_bus.agentic_ai_events",
            "aws_cloudwatch_log_group.agentic_ai_logs",
            "aws_iam_role.lambda_execution_role",
            "aws_iam_role_policy_attachment.lambda_logs",
            "aws_sqs_queue.command_queue"
          ]
        }
      ]
    },
    {
      "mode": "managed",
      "type": "aws_lambda_permission",
      "name": "allow_eventbridge",
      "provider": "provider[\"registry.terraform.io/hashicorp/aws\"]",
      "instances": [
        {
          "schema_version": 0,
          "attributes": {
            "action": "lambda:InvokeFunction",
            "event_source_token": null,
            "function_name": "awstoazure-agentic-ai-agent",
            "function_url_auth_type": null,
            "id": "AllowExecutionFromEventBridge",
            "principal": "events.amazonaws.com",
            "principal_org_id": null,
            "qualifier": "",
            "source_account": null,
            "source_arn": "arn:aws:events:us-east-1:891377120087:event-bus/awstoazure-agentic-ai-events",
            "statement_id": "AllowExecutionFromEventBridge",
            "statement_id_prefix": ""
          },
          "sensitive_attributes": [],
          "private": "bnVsbA==",
          "dependencies": [
            "aws_cloudwatch_event_bus.agentic_ai_events",
            "aws_cloudwatch_log_group.agentic_ai_logs",
            "aws_iam_role.lambda_execution_role",
            "aws_iam_role_policy_attachment.lambda_logs",
            "aws_lambda_function.agentic_ai_agent",
            "aws_sqs_queue.command_queue"
          ]
        }
      ]
    },
    {
      "mode": "managed",
      "type": "aws_sfn_state_machine",
      "name": "agentic_ai_workflow",
      "provider": "provider[\"registry.terraform.io/hashicorp/aws\"]",
      "instances": [
        {
          "schema_version": 0,
          "attributes": {
            "arn": "arn:aws:states:us-east-1:891377120087:stateMachine:awstoazure-agentic-ai-workflow",
            "creation_date": "2025-08-10T03:15:11Z",
            "definition": "{\"Comment\":\"Agentic AI Autonomous Operations Workflow\",\"StartAt\":\"ProcessCommand\",\"States\":{\"ProcessCommand\":{\"Next\":\"Success\",\"Result\":{\"message\":\"Command processed by Agentic AI\",\"timestamp\":\"$$.State.EnteredTime\"},\"Type\":\"Pass\"},\"Success\":{\"Comment\":\"Operation completed successfully\",\"Type\":\"Succeed\"}}}",
            "description": "",
            "encryption_configuration": [
              {
                "kms_data_key_reuse_period_seconds": 0,
                "kms_key_id": "",
                "type": "AWS_OWNED_KEY"
              }
            ],
            "id": "arn:aws:states:us-east-1:891377120087:stateMachine:awstoazure-agentic-ai-workflow",
            "logging_configuration": [
              {
                "include_execution_data": false,
                "level": "OFF",
                "log_destination": ""
              }
            ],
            "name": "awstoazure-agentic-ai-workflow",
            "name_prefix": "",
            "publish": false,
            "revision_id": "",
            "role_arn": "arn:aws:iam::891377120087:role/awstoazure-agentic-ai-stepfunctions-role",
            "state_machine_version_arn": "",
            "status": "ACTIVE",
            "tags": null,
            "tags_all": {
              "Environment": "dev",
              "ManagedBy": "Terraform",
              "Project": "Agentic-AI",
              "Purpose": "Autonomous AWS Operations"
            },
            "timeouts": null,
            "tracing_configuration": [
              {
                "enabled": false
              }
            ],
            "type": "STANDARD",
            "version_description": null
          },
          "sensitive_attributes": [],
          "private": "eyJlMmJmYjczMC1lY2FhLTExZTYtOGY4OC0zNDM2M2JjN2M0YzAiOnsiY3JlYXRlIjozMDAwMDAwMDAwMDAsImRlbGV0ZSI6MzAwMDAwMDAwMDAwLCJ1cGRhdGUiOjYwMDAwMDAwMDAwfX0=",
          "dependencies": [
            "aws_iam_role.step_functions_role"
          ]
        }
      ]
    },
    {
      "mode": "managed",
      "type": "aws_sqs_queue",
      "name": "command_queue",
      "provider": "provider[\"registry.terraform.io/hashicorp/aws\"]",
      "instances": [
        {
          "schema_version": 0,
          "attributes": {
            "arn": "arn:aws:sqs:us-east-1:891377120087:awstoazure-agentic-ai-commands",
            "content_based_deduplication": false,
            "deduplication_scope": "",
            "delay_seconds": 0,
            "fifo_queue": false,
            "fifo_throughput_limit": "",
            "id": "https://sqs.us-east-1.amazonaws.com/891377120087/awstoazure-agentic-ai-commands",
            "kms_data_key_reuse_period_seconds": 300,
            "kms_master_key_id": "",
            "max_message_size": 262144,
            "message_retention_seconds": 1209600,
            "name": "awstoazure-agentic-ai-commands",
            "name_prefix": "",
            "policy": "",
            "receive_wait_time_seconds": 20,
            "redrive_allow_policy": "",
            "redrive_policy": "",
            "sqs_managed_sse_enabled": true,
            "tags": {
              "Purpose": "AI Command Processing"
            },
            "tags_all": {
              "Environment": "dev",
              "ManagedBy": "Terraform",
              "Project": "Agentic-AI",
              "Purpose": "AI Command Processing"
            },
            "timeouts": null,
            "url": "https://sqs.us-east-1.amazonaws.com/891377120087/awstoazure-agentic-ai-commands",
            "visibility_timeout_seconds": 60
          },
          "sensitive_attributes": [],
          "private": "eyJlMmJmYjczMC1lY2FhLTExZTYtOGY4OC0zNDM2M2JjN2M0YzAiOnsiY3JlYXRlIjoxODAwMDAwMDAwMDAsImRlbGV0ZSI6MTgwMDAwMDAwMDAwLCJ1cGRhdGUiOjE4MDAwMDAwMDAwMH19"
        }
      ]
    }
  ],
  "check_results": null
}
